
Microsoft Visual Studio Solution File, Format Version 12.00
# Visual Studio Version 17
VisualStudioVersion = 17.9.34701.34
MinimumVisualStudioVersion = 10.0.40219.1
Project("{9A19103F-16F7-4668-BE54-9A1E7A4F7556}") = "SqlCore", "SqlCore\SqlCore.csproj", "{F7566645-2661-4782-B124-804DC2627FC3}"
EndProject
Project("{9A19103F-16F7-4668-BE54-9A1E7A4F7556}") = "PageChecksum", "PageChecksum\PageChecksum.csproj", "{AD8FC066-827B-49BE-B94E-8DD9C4485469}"
EndProject
Project("{9A19103F-16F7-4668-BE54-9A1E7A4F7556}") = "ChecksumStatsStream", "ChecksumStatsStream\ChecksumStatsStream.csproj", "{72137F69-7E92-4C0F-948A-C499C4E87D7E}"
EndProject
Project("{9A19103F-16F7-4668-BE54-9A1E7A4F7556}") = "MetadataObjectId", "MetadataObjectId\MetadataObjectId.csproj", "{CBF86D2D-E232-4927-AE0E-545F9985A801}"
EndProject
Project("{9A19103F-16F7-4668-BE54-9A1E7A4F7556}") = "TransactionLogScanner", "Test\TransactionLogScanner.csproj", "{FD98192A-7D96-49E2-9002-794A058EE9E4}"
EndProject
Global
	GlobalSection(SolutionConfigurationPlatforms) = preSolution
		Debug|Any CPU = Debug|Any CPU
		Release|Any CPU = Release|Any CPU
	EndGlobalSection
	GlobalSection(ProjectConfigurationPlatforms) = postSolution
		{F7566645-2661-4782-B124-804DC2627FC3}.Debug|Any CPU.ActiveCfg = Debug|Any CPU
		{F7566645-2661-4782-B124-804DC2627FC3}.Debug|Any CPU.Build.0 = Debug|Any CPU
		{F7566645-2661-4782-B124-804DC2627FC3}.Release|Any CPU.ActiveCfg = Release|Any CPU
		{F7566645-2661-4782-B124-804DC2627FC3}.Release|Any CPU.Build.0 = Release|Any CPU
		{AD8FC066-827B-49BE-B94E-8DD9C4485469}.Debug|Any CPU.ActiveCfg = Debug|Any CPU
		{AD8FC066-827B-49BE-B94E-8DD9C4485469}.Debug|Any CPU.Build.0 = Debug|Any CPU
		{AD8FC066-827B-49BE-B94E-8DD9C4485469}.Release|Any CPU.ActiveCfg = Release|Any CPU
		{AD8FC066-827B-49BE-B94E-8DD9C4485469}.Release|Any CPU.Build.0 = Release|Any CPU
		{72137F69-7E92-4C0F-948A-C499C4E87D7E}.Debug|Any CPU.ActiveCfg = Debug|Any CPU
		{72137F69-7E92-4C0F-948A-C499C4E87D7E}.Debug|Any CPU.Build.0 = Debug|Any CPU
		{72137F69-7E92-4C0F-948A-C499C4E87D7E}.Release|Any CPU.ActiveCfg = Release|Any CPU
		{72137F69-7E92-4C0F-948A-C499C4E87D7E}.Release|Any CPU.Build.0 = Release|Any CPU
		{CBF86D2D-E232-4927-AE0E-545F9985A801}.Debug|Any CPU.ActiveCfg = Debug|Any CPU
		{CBF86D2D-E232-4927-AE0E-545F9985A801}.Debug|Any CPU.Build.0 = Debug|Any CPU
		{CBF86D2D-E232-4927-AE0E-545F9985A801}.Release|Any CPU.ActiveCfg = Release|Any CPU
		{CBF86D2D-E232-4927-AE0E-545F9985A801}.Release|Any CPU.Build.0 = Release|Any CPU
		{FD98192A-7D96-49E2-9002-794A058EE9E4}.Debug|Any CPU.ActiveCfg = Debug|Any CPU
		{FD98192A-7D96-49E2-9002-794A058EE9E4}.Debug|Any CPU.Build.0 = Debug|Any CPU
		{FD98192A-7D96-49E2-9002-794A058EE9E4}.Release|Any CPU.ActiveCfg = Release|Any CPU
		{FD98192A-7D96-49E2-9002-794A058EE9E4}.Release|Any CPU.Build.0 = Release|Any CPU
	EndGlobalSection
	GlobalSection(SolutionProperties) = preSolution
		HideSolutionNode = FALSE
	EndGlobalSection
	GlobalSection(ExtensibilityGlobals) = postSolution
		SolutionGuid = {6B94301E-6B45-4CEA-942C-E81426FC02C2}
	EndGlobalSection
EndGlobal
